# generated by rye
# use `rye lock` or `rye sync` to update this lockfile
#
# last locked with the following flags:
#   pre: false
#   features: []
#   all-features: false

-e file:.
click==8.1.7
contourpy==1.1.1
cycler==0.12.0
equinox==0.11.0
fonttools==4.43.0
jax==0.4.16
jaxlib==0.4.16
jaxtyping==0.2.22
kiwisolver==1.4.5
matplotlib==3.8.0
ml-dtypes==0.3.1
numpy==1.26.0
opt-einsum==3.3.0
packaging==23.2
pillow==10.0.1
pyparsing==3.1.1
python-dateutil==2.8.2
scipy==1.11.3
six==1.16.0
typeguard==4.1.5
typing-extensions==4.8.0
